
Microsoft Visual Studio Solution File, Format Version 12.00
# Visual Studio Version 17
VisualStudioVersion = 17.4.33122.133
MinimumVisualStudioVersion = 10.0.40219.1
Project("{9A19103F-16F7-4668-BE54-9A1E7A4F7556}") = "CardStorageService", "CardStorageService\CardStorageService.csproj", "{70086DD6-3645-43CE-A5EF-F9EDB44082E6}"
EndProject
Project("{9A19103F-16F7-4668-BE54-9A1E7A4F7556}") = "CardStorageService.Data", "CardStorageService.Data\CardStorageService.Data.csproj", "{ACA22406-38A5-4873-9874-2BEE47F4DEDA}"
EndProject
Project("{9A19103F-16F7-4668-BE54-9A1E7A4F7556}") = "CardStorageService.CryptographiApp", "CardStarageService.CryptographiApp\CardStorageService.CryptographiApp.csproj", "{BE919F14-721C-4026-B073-0BCCCD486258}"
EndProject
Project("{FAE04EC0-301F-11D3-BF4B-00C04F79EFBC}") = "CardStorageService.Client.ConsoleApp", "CardStorageService.Client.Console\CardStorageService.Client.ConsoleApp.csproj", "{C4953F68-A9A8-46DD-B419-F38A038F3E48}"
EndProject
Global
	GlobalSection(SolutionConfigurationPlatforms) = preSolution
		Debug|Any CPU = Debug|Any CPU
		Release|Any CPU = Release|Any CPU
	EndGlobalSection
	GlobalSection(ProjectConfigurationPlatforms) = postSolution
		{70086DD6-3645-43CE-A5EF-F9EDB44082E6}.Debug|Any CPU.ActiveCfg = Debug|Any CPU
		{70086DD6-3645-43CE-A5EF-F9EDB44082E6}.Debug|Any CPU.Build.0 = Debug|Any CPU
		{70086DD6-3645-43CE-A5EF-F9EDB44082E6}.Release|Any CPU.ActiveCfg = Release|Any CPU
		{70086DD6-3645-43CE-A5EF-F9EDB44082E6}.Release|Any CPU.Build.0 = Release|Any CPU
		{ACA22406-38A5-4873-9874-2BEE47F4DEDA}.Debug|Any CPU.ActiveCfg = Debug|Any CPU
		{ACA22406-38A5-4873-9874-2BEE47F4DEDA}.Debug|Any CPU.Build.0 = Debug|Any CPU
		{ACA22406-38A5-4873-9874-2BEE47F4DEDA}.Release|Any CPU.ActiveCfg = Release|Any CPU
		{ACA22406-38A5-4873-9874-2BEE47F4DEDA}.Release|Any CPU.Build.0 = Release|Any CPU
		{BE919F14-721C-4026-B073-0BCCCD486258}.Debug|Any CPU.ActiveCfg = Debug|Any CPU
		{BE919F14-721C-4026-B073-0BCCCD486258}.Debug|Any CPU.Build.0 = Debug|Any CPU
		{BE919F14-721C-4026-B073-0BCCCD486258}.Release|Any CPU.ActiveCfg = Release|Any CPU
		{BE919F14-721C-4026-B073-0BCCCD486258}.Release|Any CPU.Build.0 = Release|Any CPU
		{C4953F68-A9A8-46DD-B419-F38A038F3E48}.Debug|Any CPU.ActiveCfg = Debug|Any CPU
		{C4953F68-A9A8-46DD-B419-F38A038F3E48}.Debug|Any CPU.Build.0 = Debug|Any CPU
		{C4953F68-A9A8-46DD-B419-F38A038F3E48}.Release|Any CPU.ActiveCfg = Release|Any CPU
		{C4953F68-A9A8-46DD-B419-F38A038F3E48}.Release|Any CPU.Build.0 = Release|Any CPU
	EndGlobalSection
	GlobalSection(SolutionProperties) = preSolution
		HideSolutionNode = FALSE
	EndGlobalSection
	GlobalSection(ExtensibilityGlobals) = postSolution
		SolutionGuid = {5E27F3B8-9D3C-4947-871F-C7BD9B082EE3}
	EndGlobalSection
EndGlobal
